// !$*UTF8*$!
{
	archiveVersion = 1;
	classes = {
	};
	objectVersion = 50;
	objects = {

/* Begin PBXBuildFile section */
		0306CAA424712A7900E45DFA /* UILabel+Extensions.swift in Sources */ = {isa = PBXBuildFile; fileRef = 0306CAA324712A7900E45DFA /* UILabel+Extensions.swift */; };
		0306CAA624712F7600E45DFA /* TabContentHeader.swift in Sources */ = {isa = PBXBuildFile; fileRef = 0306CAA524712F7600E45DFA /* TabContentHeader.swift */; };
		0306CAA82471306000E45DFA /* Spacer.swift in Sources */ = {isa = PBXBuildFile; fileRef = 0306CAA72471306000E45DFA /* Spacer.swift */; };
		0306CAAC24713AC200E45DFA /* ExtrasDataSource.swift in Sources */ = {isa = PBXBuildFile; fileRef = 0306CAAB24713AC200E45DFA /* ExtrasDataSource.swift */; };
		0306CAAE24713AD900E45DFA /* ExtrasDelegate.swift in Sources */ = {isa = PBXBuildFile; fileRef = 0306CAAD24713AD900E45DFA /* ExtrasDelegate.swift */; };
		0306CAB42471432800E45DFA /* NotesCell+UITextViewDelegate.swift in Sources */ = {isa = PBXBuildFile; fileRef = 0306CAB32471432800E45DFA /* NotesCell+UITextViewDelegate.swift */; };
		0306CAB62471434600E45DFA /* MealsCell+UITextViewDelegate.swift in Sources */ = {isa = PBXBuildFile; fileRef = 0306CAB52471434600E45DFA /* MealsCell+UITextViewDelegate.swift */; };
		0306CAB82471440A00E45DFA /* NotifySelector.swift in Sources */ = {isa = PBXBuildFile; fileRef = 0306CAB72471440A00E45DFA /* NotifySelector.swift */; };
		0306CABA2471442500E45DFA /* KeyboardNotification.swift in Sources */ = {isa = PBXBuildFile; fileRef = 0306CAB92471442500E45DFA /* KeyboardNotification.swift */; };
		0306CABC2471459A00E45DFA /* KeyboardNotification+CustomStringConvertible.swift in Sources */ = {isa = PBXBuildFile; fileRef = 0306CABB2471459A00E45DFA /* KeyboardNotification+CustomStringConvertible.swift */; };
		0306CABE2471493D00E45DFA /* TabContentDataSource.swift in Sources */ = {isa = PBXBuildFile; fileRef = 0306CABD2471493D00E45DFA /* TabContentDataSource.swift */; };
		0306CAC02471495200E45DFA /* TabContentDelegate.swift in Sources */ = {isa = PBXBuildFile; fileRef = 0306CABF2471495200E45DFA /* TabContentDelegate.swift */; };
		0306CAC22471496A00E45DFA /* CellClassIdentifier.swift in Sources */ = {isa = PBXBuildFile; fileRef = 0306CAC12471496A00E45DFA /* CellClassIdentifier.swift */; };
		0306CAC424714A7100E45DFA /* ScheduleController+CellTextViewDelegate.swift in Sources */ = {isa = PBXBuildFile; fileRef = 0306CAC324714A7100E45DFA /* ScheduleController+CellTextViewDelegate.swift */; };
		0306CAC624714CC900E45DFA /* TodoDataSource.swift in Sources */ = {isa = PBXBuildFile; fileRef = 0306CAC524714CC900E45DFA /* TodoDataSource.swift */; };
		0307D056247151F4009671C8 /* TodoDelegate.swift in Sources */ = {isa = PBXBuildFile; fileRef = 0307D055247151F4009671C8 /* TodoDelegate.swift */; };
		0307D05824715234009671C8 /* ScheduleDelegate.swift in Sources */ = {isa = PBXBuildFile; fileRef = 0307D05724715234009671C8 /* ScheduleDelegate.swift */; };
		0307D05A2471523D009671C8 /* ScheduleDataSource.swift in Sources */ = {isa = PBXBuildFile; fileRef = 0307D0592471523D009671C8 /* ScheduleDataSource.swift */; };
		0330F9302463413200E07824 /* TodoController.swift in Sources */ = {isa = PBXBuildFile; fileRef = 0330F92F2463413200E07824 /* TodoController.swift */; };
		0330F9322463414000E07824 /* ScheduleController.swift in Sources */ = {isa = PBXBuildFile; fileRef = 0330F9312463414000E07824 /* ScheduleController.swift */; };
		0330F9342463414A00E07824 /* ExtrasController.swift in Sources */ = {isa = PBXBuildFile; fileRef = 0330F9332463414A00E07824 /* ExtrasController.swift */; };
		0333AC462478E502009A85A8 /* Date+Extensions.swift in Sources */ = {isa = PBXBuildFile; fileRef = 0333AC452478E502009A85A8 /* Date+Extensions.swift */; };
		035016372465AF47006726BC /* Day+Extensions.swift in Sources */ = {isa = PBXBuildFile; fileRef = 035016362465AF47006726BC /* Day+Extensions.swift */; };
		035016392465AFAE006726BC /* Task+Extensions.swift in Sources */ = {isa = PBXBuildFile; fileRef = 035016382465AFAE006726BC /* Task+Extensions.swift */; };
		0350163D2465B090006726BC /* DayProvider.swift in Sources */ = {isa = PBXBuildFile; fileRef = 0350163C2465B090006726BC /* DayProvider.swift */; };
		035016452465B5C2006726BC /* TaskCell.swift in Sources */ = {isa = PBXBuildFile; fileRef = 035016442465B5C2006726BC /* TaskCell.swift */; };
		035016472465B7BC006726BC /* UIView+Extensions.swift in Sources */ = {isa = PBXBuildFile; fileRef = 035016462465B7BC006726BC /* UIView+Extensions.swift */; };
		035016492465B974006726BC /* TextField.swift in Sources */ = {isa = PBXBuildFile; fileRef = 035016482465B974006726BC /* TextField.swift */; };
		0350164B2465BFD8006726BC /* ScheduleCell.swift in Sources */ = {isa = PBXBuildFile; fileRef = 0350164A2465BFD8006726BC /* ScheduleCell.swift */; };
		0350164D2465C2CB006726BC /* TableView.swift in Sources */ = {isa = PBXBuildFile; fileRef = 0350164C2465C2CB006726BC /* TableView.swift */; };
		0350164F2465C7AE006726BC /* String+Extensions.swift in Sources */ = {isa = PBXBuildFile; fileRef = 0350164E2465C7AE006726BC /* String+Extensions.swift */; };
		035016512465CF60006726BC /* MealsCell.swift in Sources */ = {isa = PBXBuildFile; fileRef = 035016502465CF60006726BC /* MealsCell.swift */; };
		035016532465CF67006726BC /* WaterCell.swift in Sources */ = {isa = PBXBuildFile; fileRef = 035016522465CF67006726BC /* WaterCell.swift */; };
		035016552465CF6F006726BC /* PomodoroCell.swift in Sources */ = {isa = PBXBuildFile; fileRef = 035016542465CF6E006726BC /* PomodoroCell.swift */; };
		035016572465CF75006726BC /* NotesCell.swift in Sources */ = {isa = PBXBuildFile; fileRef = 035016562465CF75006726BC /* NotesCell.swift */; };
		03680B942465AE1900904DE1 /* Entity+Extensions.swift in Sources */ = {isa = PBXBuildFile; fileRef = 03680B932465AE1900904DE1 /* Entity+Extensions.swift */; };
		03680B962465AE7500904DE1 /* Database.swift in Sources */ = {isa = PBXBuildFile; fileRef = 03680B952465AE7500904DE1 /* Database.swift */; };
		039566612463315100C0F498 /* AppDelegate.swift in Sources */ = {isa = PBXBuildFile; fileRef = 039566602463315100C0F498 /* AppDelegate.swift */; };
		039566632463315100C0F498 /* SceneDelegate.swift in Sources */ = {isa = PBXBuildFile; fileRef = 039566622463315100C0F498 /* SceneDelegate.swift */; };
		0395666B2463315100C0F498 /* DailyPlanner.xcdatamodeld in Sources */ = {isa = PBXBuildFile; fileRef = 039566692463315100C0F498 /* DailyPlanner.xcdatamodeld */; };
		0395666D2463315100C0F498 /* Assets.xcassets in Resources */ = {isa = PBXBuildFile; fileRef = 0395666C2463315100C0F498 /* Assets.xcassets */; };
		039566702463315100C0F498 /* LaunchScreen.storyboard in Resources */ = {isa = PBXBuildFile; fileRef = 0395666E2463315100C0F498 /* LaunchScreen.storyboard */; };
		0395667B2463315200C0F498 /* DailyPlannerTests.swift in Sources */ = {isa = PBXBuildFile; fileRef = 0395667A2463315200C0F498 /* DailyPlannerTests.swift */; };
		039566862463315200C0F498 /* DailyPlannerUITests.swift in Sources */ = {isa = PBXBuildFile; fileRef = 039566852463315200C0F498 /* DailyPlannerUITests.swift */; };
		039566952463327B00C0F498 /* MainTabBarController.swift in Sources */ = {isa = PBXBuildFile; fileRef = 039566942463327B00C0F498 /* MainTabBarController.swift */; };
		03956697246332BF00C0F498 /* Coder.swift in Sources */ = {isa = PBXBuildFile; fileRef = 03956696246332BF00C0F498 /* Coder.swift */; };
		03EC4DE224705F14007BB838 /* TabContentController.swift in Sources */ = {isa = PBXBuildFile; fileRef = 03EC4DE124705F14007BB838 /* TabContentController.swift */; };
		03F3FE6E2466E6A4003B420E /* TextView.swift in Sources */ = {isa = PBXBuildFile; fileRef = 03F3FE6D2466E6A4003B420E /* TextView.swift */; };
		03F3FE702466E753003B420E /* Color.swift in Sources */ = {isa = PBXBuildFile; fileRef = 03F3FE6F2466E753003B420E /* Color.swift */; };
		03F3FE722466E922003B420E /* TextStyle.swift in Sources */ = {isa = PBXBuildFile; fileRef = 03F3FE712466E922003B420E /* TextStyle.swift */; };
		03F3FE7A2466EE7F003B420E /* TodoController+CellTextViewDelegate.swift in Sources */ = {isa = PBXBuildFile; fileRef = 03F3FE792466EE7F003B420E /* TodoController+CellTextViewDelegate.swift */; };
		03F3FE7C2466EF12003B420E /* UIImage+Extensions.swift in Sources */ = {isa = PBXBuildFile; fileRef = 03F3FE7B2466EF12003B420E /* UIImage+Extensions.swift */; };
		03F3FE7E2466F37B003B420E /* CellTextViewDelegate.swift in Sources */ = {isa = PBXBuildFile; fileRef = 03F3FE7D2466F37B003B420E /* CellTextViewDelegate.swift */; };
		03F3FE802466FBD3003B420E /* Meal+Extensions.swift in Sources */ = {isa = PBXBuildFile; fileRef = 03F3FE7F2466FBD3003B420E /* Meal+Extensions.swift */; };
		03F3FE822466FC18003B420E /* Note+Extensions.swift in Sources */ = {isa = PBXBuildFile; fileRef = 03F3FE812466FC18003B420E /* Note+Extensions.swift */; };
		03F3FE842466FC55003B420E /* Pomodoro+Extensions.swift in Sources */ = {isa = PBXBuildFile; fileRef = 03F3FE832466FC55003B420E /* Pomodoro+Extensions.swift */; };
		03F3FE862466FCCA003B420E /* Water+Extensions.swift in Sources */ = {isa = PBXBuildFile; fileRef = 03F3FE852466FCCA003B420E /* Water+Extensions.swift */; };
		03F3FE882466FD32003B420E /* Schedule+Extensions.swift in Sources */ = {isa = PBXBuildFile; fileRef = 03F3FE872466FD32003B420E /* Schedule+Extensions.swift */; };
/* End PBXBuildFile section */

/* Begin PBXContainerItemProxy section */
		039566772463315200C0F498 /* PBXContainerItemProxy */ = {
			isa = PBXContainerItemProxy;
			containerPortal = 039566552463315100C0F498 /* Project object */;
			proxyType = 1;
			remoteGlobalIDString = 0395665C2463315100C0F498;
			remoteInfo = DailyPlanner;
		};
		039566822463315200C0F498 /* PBXContainerItemProxy */ = {
			isa = PBXContainerItemProxy;
			containerPortal = 039566552463315100C0F498 /* Project object */;
			proxyType = 1;
			remoteGlobalIDString = 0395665C2463315100C0F498;
			remoteInfo = DailyPlanner;
		};
/* End PBXContainerItemProxy section */

/* Begin PBXFileReference section */
		0306CAA324712A7900E45DFA /* UILabel+Extensions.swift */ = {isa = PBXFileReference; lastKnownFileType = sourcecode.swift; path = "UILabel+Extensions.swift"; sourceTree = "<group>"; };
		0306CAA524712F7600E45DFA /* TabContentHeader.swift */ = {isa = PBXFileReference; lastKnownFileType = sourcecode.swift; path = TabContentHeader.swift; sourceTree = "<group>"; };
		0306CAA72471306000E45DFA /* Spacer.swift */ = {isa = PBXFileReference; lastKnownFileType = sourcecode.swift; path = Spacer.swift; sourceTree = "<group>"; };
		0306CAAB24713AC200E45DFA /* ExtrasDataSource.swift */ = {isa = PBXFileReference; lastKnownFileType = sourcecode.swift; name = ExtrasDataSource.swift; path = DailyPlanner/View/Extras/ExtrasDataSource.swift; sourceTree = SOURCE_ROOT; };
		0306CAAD24713AD900E45DFA /* ExtrasDelegate.swift */ = {isa = PBXFileReference; lastKnownFileType = sourcecode.swift; path = ExtrasDelegate.swift; sourceTree = "<group>"; };
		0306CAB32471432800E45DFA /* NotesCell+UITextViewDelegate.swift */ = {isa = PBXFileReference; lastKnownFileType = sourcecode.swift; path = "NotesCell+UITextViewDelegate.swift"; sourceTree = "<group>"; };
		0306CAB52471434600E45DFA /* MealsCell+UITextViewDelegate.swift */ = {isa = PBXFileReference; lastKnownFileType = sourcecode.swift; path = "MealsCell+UITextViewDelegate.swift"; sourceTree = "<group>"; };
		0306CAB72471440A00E45DFA /* NotifySelector.swift */ = {isa = PBXFileReference; lastKnownFileType = sourcecode.swift; path = NotifySelector.swift; sourceTree = "<group>"; };
		0306CAB92471442500E45DFA /* KeyboardNotification.swift */ = {isa = PBXFileReference; lastKnownFileType = sourcecode.swift; path = KeyboardNotification.swift; sourceTree = "<group>"; };
		0306CABB2471459A00E45DFA /* KeyboardNotification+CustomStringConvertible.swift */ = {isa = PBXFileReference; lastKnownFileType = sourcecode.swift; path = "KeyboardNotification+CustomStringConvertible.swift"; sourceTree = "<group>"; };
		0306CABD2471493D00E45DFA /* TabContentDataSource.swift */ = {isa = PBXFileReference; lastKnownFileType = sourcecode.swift; path = TabContentDataSource.swift; sourceTree = "<group>"; };
		0306CABF2471495200E45DFA /* TabContentDelegate.swift */ = {isa = PBXFileReference; lastKnownFileType = sourcecode.swift; path = TabContentDelegate.swift; sourceTree = "<group>"; };
		0306CAC12471496A00E45DFA /* CellClassIdentifier.swift */ = {isa = PBXFileReference; lastKnownFileType = sourcecode.swift; path = CellClassIdentifier.swift; sourceTree = "<group>"; };
		0306CAC324714A7100E45DFA /* ScheduleController+CellTextViewDelegate.swift */ = {isa = PBXFileReference; lastKnownFileType = sourcecode.swift; path = "ScheduleController+CellTextViewDelegate.swift"; sourceTree = "<group>"; };
		0306CAC524714CC900E45DFA /* TodoDataSource.swift */ = {isa = PBXFileReference; lastKnownFileType = sourcecode.swift; path = TodoDataSource.swift; sourceTree = "<group>"; };
		0307D055247151F4009671C8 /* TodoDelegate.swift */ = {isa = PBXFileReference; lastKnownFileType = sourcecode.swift; path = TodoDelegate.swift; sourceTree = "<group>"; };
		0307D05724715234009671C8 /* ScheduleDelegate.swift */ = {isa = PBXFileReference; lastKnownFileType = sourcecode.swift; path = ScheduleDelegate.swift; sourceTree = "<group>"; };
		0307D0592471523D009671C8 /* ScheduleDataSource.swift */ = {isa = PBXFileReference; lastKnownFileType = sourcecode.swift; path = ScheduleDataSource.swift; sourceTree = "<group>"; };
		0330F92F2463413200E07824 /* TodoController.swift */ = {isa = PBXFileReference; lastKnownFileType = sourcecode.swift; path = TodoController.swift; sourceTree = "<group>"; };
		0330F9312463414000E07824 /* ScheduleController.swift */ = {isa = PBXFileReference; lastKnownFileType = sourcecode.swift; path = ScheduleController.swift; sourceTree = "<group>"; };
		0330F9332463414A00E07824 /* ExtrasController.swift */ = {isa = PBXFileReference; lastKnownFileType = sourcecode.swift; path = ExtrasController.swift; sourceTree = "<group>"; };
		0333AC452478E502009A85A8 /* Date+Extensions.swift */ = {isa = PBXFileReference; lastKnownFileType = sourcecode.swift; path = "Date+Extensions.swift"; sourceTree = "<group>"; };
		035016362465AF47006726BC /* Day+Extensions.swift */ = {isa = PBXFileReference; lastKnownFileType = sourcecode.swift; path = "Day+Extensions.swift"; sourceTree = "<group>"; };
		035016382465AFAE006726BC /* Task+Extensions.swift */ = {isa = PBXFileReference; lastKnownFileType = sourcecode.swift; path = "Task+Extensions.swift"; sourceTree = "<group>"; };
		0350163C2465B090006726BC /* DayProvider.swift */ = {isa = PBXFileReference; lastKnownFileType = sourcecode.swift; path = DayProvider.swift; sourceTree = "<group>"; };
		035016442465B5C2006726BC /* TaskCell.swift */ = {isa = PBXFileReference; lastKnownFileType = sourcecode.swift; path = TaskCell.swift; sourceTree = "<group>"; };
		035016462465B7BC006726BC /* UIView+Extensions.swift */ = {isa = PBXFileReference; lastKnownFileType = sourcecode.swift; path = "UIView+Extensions.swift"; sourceTree = "<group>"; };
		035016482465B974006726BC /* TextField.swift */ = {isa = PBXFileReference; lastKnownFileType = sourcecode.swift; path = TextField.swift; sourceTree = "<group>"; };
		0350164A2465BFD8006726BC /* ScheduleCell.swift */ = {isa = PBXFileReference; lastKnownFileType = sourcecode.swift; path = ScheduleCell.swift; sourceTree = "<group>"; };
		0350164C2465C2CB006726BC /* TableView.swift */ = {isa = PBXFileReference; lastKnownFileType = sourcecode.swift; path = TableView.swift; sourceTree = "<group>"; };
		0350164E2465C7AE006726BC /* String+Extensions.swift */ = {isa = PBXFileReference; lastKnownFileType = sourcecode.swift; path = "String+Extensions.swift"; sourceTree = "<group>"; };
		035016502465CF60006726BC /* MealsCell.swift */ = {isa = PBXFileReference; lastKnownFileType = sourcecode.swift; path = MealsCell.swift; sourceTree = "<group>"; };
		035016522465CF67006726BC /* WaterCell.swift */ = {isa = PBXFileReference; lastKnownFileType = sourcecode.swift; path = WaterCell.swift; sourceTree = "<group>"; };
		035016542465CF6E006726BC /* PomodoroCell.swift */ = {isa = PBXFileReference; lastKnownFileType = sourcecode.swift; path = PomodoroCell.swift; sourceTree = "<group>"; };
		035016562465CF75006726BC /* NotesCell.swift */ = {isa = PBXFileReference; lastKnownFileType = sourcecode.swift; path = NotesCell.swift; sourceTree = "<group>"; };
		03680B932465AE1900904DE1 /* Entity+Extensions.swift */ = {isa = PBXFileReference; lastKnownFileType = sourcecode.swift; path = "Entity+Extensions.swift"; sourceTree = "<group>"; };
		03680B952465AE7500904DE1 /* Database.swift */ = {isa = PBXFileReference; lastKnownFileType = sourcecode.swift; path = Database.swift; sourceTree = "<group>"; };
		0395665D2463315100C0F498 /* DailyPlanner.app */ = {isa = PBXFileReference; explicitFileType = wrapper.application; includeInIndex = 0; path = DailyPlanner.app; sourceTree = BUILT_PRODUCTS_DIR; };
		039566602463315100C0F498 /* AppDelegate.swift */ = {isa = PBXFileReference; lastKnownFileType = sourcecode.swift; path = AppDelegate.swift; sourceTree = "<group>"; };
		039566622463315100C0F498 /* SceneDelegate.swift */ = {isa = PBXFileReference; lastKnownFileType = sourcecode.swift; path = SceneDelegate.swift; sourceTree = "<group>"; };
		0395666A2463315100C0F498 /* DailyPlanner.xcdatamodel */ = {isa = PBXFileReference; lastKnownFileType = wrapper.xcdatamodel; path = DailyPlanner.xcdatamodel; sourceTree = "<group>"; };
		0395666C2463315100C0F498 /* Assets.xcassets */ = {isa = PBXFileReference; lastKnownFileType = folder.assetcatalog; path = Assets.xcassets; sourceTree = "<group>"; };
		0395666F2463315100C0F498 /* Base */ = {isa = PBXFileReference; lastKnownFileType = file.storyboard; name = Base; path = Base.lproj/LaunchScreen.storyboard; sourceTree = "<group>"; };
		039566712463315100C0F498 /* Info.plist */ = {isa = PBXFileReference; lastKnownFileType = text.plist.xml; path = Info.plist; sourceTree = "<group>"; };
		039566762463315200C0F498 /* DailyPlannerTests.xctest */ = {isa = PBXFileReference; explicitFileType = wrapper.cfbundle; includeInIndex = 0; path = DailyPlannerTests.xctest; sourceTree = BUILT_PRODUCTS_DIR; };
		0395667A2463315200C0F498 /* DailyPlannerTests.swift */ = {isa = PBXFileReference; lastKnownFileType = sourcecode.swift; path = DailyPlannerTests.swift; sourceTree = "<group>"; };
		0395667C2463315200C0F498 /* Info.plist */ = {isa = PBXFileReference; lastKnownFileType = text.plist.xml; path = Info.plist; sourceTree = "<group>"; };
		039566812463315200C0F498 /* DailyPlannerUITests.xctest */ = {isa = PBXFileReference; explicitFileType = wrapper.cfbundle; includeInIndex = 0; path = DailyPlannerUITests.xctest; sourceTree = BUILT_PRODUCTS_DIR; };
		039566852463315200C0F498 /* DailyPlannerUITests.swift */ = {isa = PBXFileReference; lastKnownFileType = sourcecode.swift; path = DailyPlannerUITests.swift; sourceTree = "<group>"; };
		039566872463315200C0F498 /* Info.plist */ = {isa = PBXFileReference; lastKnownFileType = text.plist.xml; path = Info.plist; sourceTree = "<group>"; };
		039566942463327B00C0F498 /* MainTabBarController.swift */ = {isa = PBXFileReference; lastKnownFileType = sourcecode.swift; path = MainTabBarController.swift; sourceTree = "<group>"; };
		03956696246332BF00C0F498 /* Coder.swift */ = {isa = PBXFileReference; lastKnownFileType = sourcecode.swift; path = Coder.swift; sourceTree = "<group>"; };
		03EC4DE124705F14007BB838 /* TabContentController.swift */ = {isa = PBXFileReference; lastKnownFileType = sourcecode.swift; path = TabContentController.swift; sourceTree = "<group>"; };
		03F3FE6D2466E6A4003B420E /* TextView.swift */ = {isa = PBXFileReference; lastKnownFileType = sourcecode.swift; path = TextView.swift; sourceTree = "<group>"; };
		03F3FE6F2466E753003B420E /* Color.swift */ = {isa = PBXFileReference; lastKnownFileType = sourcecode.swift; path = Color.swift; sourceTree = "<group>"; };
		03F3FE712466E922003B420E /* TextStyle.swift */ = {isa = PBXFileReference; lastKnownFileType = sourcecode.swift; path = TextStyle.swift; sourceTree = "<group>"; };
		03F3FE792466EE7F003B420E /* TodoController+CellTextViewDelegate.swift */ = {isa = PBXFileReference; lastKnownFileType = sourcecode.swift; path = "TodoController+CellTextViewDelegate.swift"; sourceTree = "<group>"; };
		03F3FE7B2466EF12003B420E /* UIImage+Extensions.swift */ = {isa = PBXFileReference; lastKnownFileType = sourcecode.swift; path = "UIImage+Extensions.swift"; sourceTree = "<group>"; };
		03F3FE7D2466F37B003B420E /* CellTextViewDelegate.swift */ = {isa = PBXFileReference; lastKnownFileType = sourcecode.swift; path = CellTextViewDelegate.swift; sourceTree = "<group>"; };
		03F3FE7F2466FBD3003B420E /* Meal+Extensions.swift */ = {isa = PBXFileReference; lastKnownFileType = sourcecode.swift; path = "Meal+Extensions.swift"; sourceTree = "<group>"; };
		03F3FE812466FC18003B420E /* Note+Extensions.swift */ = {isa = PBXFileReference; lastKnownFileType = sourcecode.swift; path = "Note+Extensions.swift"; sourceTree = "<group>"; };
		03F3FE832466FC55003B420E /* Pomodoro+Extensions.swift */ = {isa = PBXFileReference; lastKnownFileType = sourcecode.swift; path = "Pomodoro+Extensions.swift"; sourceTree = "<group>"; };
		03F3FE852466FCCA003B420E /* Water+Extensions.swift */ = {isa = PBXFileReference; lastKnownFileType = sourcecode.swift; path = "Water+Extensions.swift"; sourceTree = "<group>"; };
		03F3FE872466FD32003B420E /* Schedule+Extensions.swift */ = {isa = PBXFileReference; lastKnownFileType = sourcecode.swift; path = "Schedule+Extensions.swift"; sourceTree = "<group>"; };
/* End PBXFileReference section */

/* Begin PBXFrameworksBuildPhase section */
		0395665A2463315100C0F498 /* Frameworks */ = {
			isa = PBXFrameworksBuildPhase;
			buildActionMask = 2147483647;
			files = (
			);
			runOnlyForDeploymentPostprocessing = 0;
		};
		039566732463315200C0F498 /* Frameworks */ = {
			isa = PBXFrameworksBuildPhase;
			buildActionMask = 2147483647;
			files = (
			);
			runOnlyForDeploymentPostprocessing = 0;
		};
		0395667E2463315200C0F498 /* Frameworks */ = {
			isa = PBXFrameworksBuildPhase;
			buildActionMask = 2147483647;
			files = (
			);
			runOnlyForDeploymentPostprocessing = 0;
		};
/* End PBXFrameworksBuildPhase section */

/* Begin PBXGroup section */
		0306CAAF2471430000E45DFA /* Notes */ = {
			isa = PBXGroup;
			children = (
				035016562465CF75006726BC /* NotesCell.swift */,
				0306CAB32471432800E45DFA /* NotesCell+UITextViewDelegate.swift */,
			);
			path = Notes;
			sourceTree = "<group>";
		};
		0306CAB02471430A00E45DFA /* Pomodoro */ = {
			isa = PBXGroup;
			children = (
				035016542465CF6E006726BC /* PomodoroCell.swift */,
			);
			path = Pomodoro;
			sourceTree = "<group>";
		};
		0306CAB12471430F00E45DFA /* Water */ = {
			isa = PBXGroup;
			children = (
				035016522465CF67006726BC /* WaterCell.swift */,
			);
			path = Water;
			sourceTree = "<group>";
		};
		0306CAB22471431200E45DFA /* Meals */ = {
			isa = PBXGroup;
			children = (
				035016502465CF60006726BC /* MealsCell.swift */,
				0306CAB52471434600E45DFA /* MealsCell+UITextViewDelegate.swift */,
			);
			path = Meals;
			sourceTree = "<group>";
		};
		0330F93724635BB000E07824 /* Database */ = {
			isa = PBXGroup;
			children = (
				03680B952465AE7500904DE1 /* Database.swift */,
				03680B922465AE0C00904DE1 /* Entities */,
				039566692463315100C0F498 /* DailyPlanner.xcdatamodeld */,
			);
			path = Database;
			sourceTree = "<group>";
		};
		0350163E2465B59B006726BC /* Extras */ = {
			isa = PBXGroup;
			children = (
				0350163F2465B5A0006726BC /* Cells */,
				0330F9332463414A00E07824 /* ExtrasController.swift */,
				0306CAAB24713AC200E45DFA /* ExtrasDataSource.swift */,
				0306CAAD24713AD900E45DFA /* ExtrasDelegate.swift */,
			);
			path = Extras;
			sourceTree = "<group>";
		};
		0350163F2465B5A0006726BC /* Cells */ = {
			isa = PBXGroup;
			children = (
				0306CAB22471431200E45DFA /* Meals */,
				0306CAB12471430F00E45DFA /* Water */,
				0306CAB02471430A00E45DFA /* Pomodoro */,
				0306CAAF2471430000E45DFA /* Notes */,
			);
			path = Cells;
			sourceTree = "<group>";
		};
		035016402465B5A4006726BC /* Schedule */ = {
			isa = PBXGroup;
			children = (
				035016412465B5A9006726BC /* Cells */,
				0330F9312463414000E07824 /* ScheduleController.swift */,
				0306CAC324714A7100E45DFA /* ScheduleController+CellTextViewDelegate.swift */,
				0307D05724715234009671C8 /* ScheduleDelegate.swift */,
				0307D0592471523D009671C8 /* ScheduleDataSource.swift */,
			);
			path = Schedule;
			sourceTree = "<group>";
		};
		035016412465B5A9006726BC /* Cells */ = {
			isa = PBXGroup;
			children = (
				0350164A2465BFD8006726BC /* ScheduleCell.swift */,
			);
			path = Cells;
			sourceTree = "<group>";
		};
		035016422465B5AD006726BC /* Todo */ = {
			isa = PBXGroup;
			children = (
				035016432465B5B3006726BC /* Cells */,
				0330F92F2463413200E07824 /* TodoController.swift */,
				03F3FE792466EE7F003B420E /* TodoController+CellTextViewDelegate.swift */,
				0306CAC524714CC900E45DFA /* TodoDataSource.swift */,
				0307D055247151F4009671C8 /* TodoDelegate.swift */,
			);
			path = Todo;
			sourceTree = "<group>";
		};
		035016432465B5B3006726BC /* Cells */ = {
			isa = PBXGroup;
			children = (
				035016442465B5C2006726BC /* TaskCell.swift */,
			);
			path = Cells;
			sourceTree = "<group>";
		};
		03680B922465AE0C00904DE1 /* Entities */ = {
			isa = PBXGroup;
			children = (
				03680B932465AE1900904DE1 /* Entity+Extensions.swift */,
				035016362465AF47006726BC /* Day+Extensions.swift */,
				035016382465AFAE006726BC /* Task+Extensions.swift */,
				03F3FE7F2466FBD3003B420E /* Meal+Extensions.swift */,
				03F3FE812466FC18003B420E /* Note+Extensions.swift */,
				03F3FE832466FC55003B420E /* Pomodoro+Extensions.swift */,
				03F3FE852466FCCA003B420E /* Water+Extensions.swift */,
				03F3FE872466FD32003B420E /* Schedule+Extensions.swift */,
			);
			path = Entities;
			sourceTree = "<group>";
		};
		039566542463315100C0F498 = {
			isa = PBXGroup;
			children = (
				0395665F2463315100C0F498 /* DailyPlanner */,
				039566792463315200C0F498 /* DailyPlannerTests */,
				039566842463315200C0F498 /* DailyPlannerUITests */,
				0395665E2463315100C0F498 /* Products */,
			);
			sourceTree = "<group>";
		};
		0395665E2463315100C0F498 /* Products */ = {
			isa = PBXGroup;
			children = (
				0395665D2463315100C0F498 /* DailyPlanner.app */,
				039566762463315200C0F498 /* DailyPlannerTests.xctest */,
				039566812463315200C0F498 /* DailyPlannerUITests.xctest */,
			);
			name = Products;
			sourceTree = "<group>";
		};
		0395665F2463315100C0F498 /* DailyPlanner */ = {
			isa = PBXGroup;
			children = (
				0350163C2465B090006726BC /* DayProvider.swift */,
				03956693246331D800C0F498 /* View */,
				03956699246332D400C0F498 /* App */,
				0330F93724635BB000E07824 /* Database */,
				03956698246332C400C0F498 /* Framework */,
			);
			path = DailyPlanner;
			sourceTree = "<group>";
		};
		039566792463315200C0F498 /* DailyPlannerTests */ = {
			isa = PBXGroup;
			children = (
				0395667A2463315200C0F498 /* DailyPlannerTests.swift */,
				0395667C2463315200C0F498 /* Info.plist */,
			);
			path = DailyPlannerTests;
			sourceTree = "<group>";
		};
		039566842463315200C0F498 /* DailyPlannerUITests */ = {
			isa = PBXGroup;
			children = (
				039566852463315200C0F498 /* DailyPlannerUITests.swift */,
				039566872463315200C0F498 /* Info.plist */,
			);
			path = DailyPlannerUITests;
			sourceTree = "<group>";
		};
		03956693246331D800C0F498 /* View */ = {
			isa = PBXGroup;
			children = (
				039566942463327B00C0F498 /* MainTabBarController.swift */,
				035016422465B5AD006726BC /* Todo */,
				035016402465B5A4006726BC /* Schedule */,
				0350163E2465B59B006726BC /* Extras */,
				03EC4DE124705F14007BB838 /* TabContentController.swift */,
				0306CABD2471493D00E45DFA /* TabContentDataSource.swift */,
				0306CABF2471495200E45DFA /* TabContentDelegate.swift */,
				0306CAA524712F7600E45DFA /* TabContentHeader.swift */,
				0306CAA72471306000E45DFA /* Spacer.swift */,
			);
			path = View;
			sourceTree = "<group>";
		};
		03956698246332C400C0F498 /* Framework */ = {
			isa = PBXGroup;
			children = (
				03956696246332BF00C0F498 /* Coder.swift */,
				035016462465B7BC006726BC /* UIView+Extensions.swift */,
				035016482465B974006726BC /* TextField.swift */,
				0350164C2465C2CB006726BC /* TableView.swift */,
				0350164E2465C7AE006726BC /* String+Extensions.swift */,
				03F3FE6D2466E6A4003B420E /* TextView.swift */,
				03F3FE6F2466E753003B420E /* Color.swift */,
				03F3FE712466E922003B420E /* TextStyle.swift */,
				03F3FE7B2466EF12003B420E /* UIImage+Extensions.swift */,
				03F3FE7D2466F37B003B420E /* CellTextViewDelegate.swift */,
				0306CAA324712A7900E45DFA /* UILabel+Extensions.swift */,
				0306CAB72471440A00E45DFA /* NotifySelector.swift */,
				0306CAB92471442500E45DFA /* KeyboardNotification.swift */,
				0306CABB2471459A00E45DFA /* KeyboardNotification+CustomStringConvertible.swift */,
				0306CAC12471496A00E45DFA /* CellClassIdentifier.swift */,
				0333AC452478E502009A85A8 /* Date+Extensions.swift */,
			);
			path = Framework;
			sourceTree = "<group>";
		};
		03956699246332D400C0F498 /* App */ = {
			isa = PBXGroup;
			children = (
				039566602463315100C0F498 /* AppDelegate.swift */,
				039566622463315100C0F498 /* SceneDelegate.swift */,
				0395666C2463315100C0F498 /* Assets.xcassets */,
				0395666E2463315100C0F498 /* LaunchScreen.storyboard */,
				039566712463315100C0F498 /* Info.plist */,
			);
			path = App;
			sourceTree = "<group>";
		};
/* End PBXGroup section */

/* Begin PBXNativeTarget section */
		0395665C2463315100C0F498 /* DailyPlanner */ = {
			isa = PBXNativeTarget;
			buildConfigurationList = 0395668A2463315200C0F498 /* Build configuration list for PBXNativeTarget "DailyPlanner" */;
			buildPhases = (
				039566592463315100C0F498 /* Sources */,
				0395665A2463315100C0F498 /* Frameworks */,
				0395665B2463315100C0F498 /* Resources */,
			);
			buildRules = (
			);
			dependencies = (
			);
			name = DailyPlanner;
			productName = DailyPlanner;
			productReference = 0395665D2463315100C0F498 /* DailyPlanner.app */;
			productType = "com.apple.product-type.application";
		};
		039566752463315200C0F498 /* DailyPlannerTests */ = {
			isa = PBXNativeTarget;
			buildConfigurationList = 0395668D2463315200C0F498 /* Build configuration list for PBXNativeTarget "DailyPlannerTests" */;
			buildPhases = (
				039566722463315200C0F498 /* Sources */,
				039566732463315200C0F498 /* Frameworks */,
				039566742463315200C0F498 /* Resources */,
			);
			buildRules = (
			);
			dependencies = (
				039566782463315200C0F498 /* PBXTargetDependency */,
			);
			name = DailyPlannerTests;
			productName = DailyPlannerTests;
			productReference = 039566762463315200C0F498 /* DailyPlannerTests.xctest */;
			productType = "com.apple.product-type.bundle.unit-test";
		};
		039566802463315200C0F498 /* DailyPlannerUITests */ = {
			isa = PBXNativeTarget;
			buildConfigurationList = 039566902463315200C0F498 /* Build configuration list for PBXNativeTarget "DailyPlannerUITests" */;
			buildPhases = (
				0395667D2463315200C0F498 /* Sources */,
				0395667E2463315200C0F498 /* Frameworks */,
				0395667F2463315200C0F498 /* Resources */,
			);
			buildRules = (
			);
			dependencies = (
				039566832463315200C0F498 /* PBXTargetDependency */,
			);
			name = DailyPlannerUITests;
			productName = DailyPlannerUITests;
			productReference = 039566812463315200C0F498 /* DailyPlannerUITests.xctest */;
			productType = "com.apple.product-type.bundle.ui-testing";
		};
/* End PBXNativeTarget section */

/* Begin PBXProject section */
		039566552463315100C0F498 /* Project object */ = {
			isa = PBXProject;
			attributes = {
				LastSwiftUpdateCheck = 1140;
				LastUpgradeCheck = 1140;
				ORGANIZATIONNAME = "Joshua Grant";
				TargetAttributes = {
					0395665C2463315100C0F498 = {
						CreatedOnToolsVersion = 11.4.1;
					};
					039566752463315200C0F498 = {
						CreatedOnToolsVersion = 11.4.1;
						TestTargetID = 0395665C2463315100C0F498;
					};
					039566802463315200C0F498 = {
						CreatedOnToolsVersion = 11.4.1;
						TestTargetID = 0395665C2463315100C0F498;
					};
				};
			};
			buildConfigurationList = 039566582463315100C0F498 /* Build configuration list for PBXProject "DailyPlanner" */;
			compatibilityVersion = "Xcode 9.3";
			developmentRegion = en;
			hasScannedForEncodings = 0;
			knownRegions = (
				en,
				Base,
			);
			mainGroup = 039566542463315100C0F498;
			productRefGroup = 0395665E2463315100C0F498 /* Products */;
			projectDirPath = "";
			projectRoot = "";
			targets = (
				0395665C2463315100C0F498 /* DailyPlanner */,
				039566752463315200C0F498 /* DailyPlannerTests */,
				039566802463315200C0F498 /* DailyPlannerUITests */,
			);
		};
/* End PBXProject section */

/* Begin PBXResourcesBuildPhase section */
		0395665B2463315100C0F498 /* Resources */ = {
			isa = PBXResourcesBuildPhase;
			buildActionMask = 2147483647;
			files = (
				039566702463315100C0F498 /* LaunchScreen.storyboard in Resources */,
				0395666D2463315100C0F498 /* Assets.xcassets in Resources */,
			);
			runOnlyForDeploymentPostprocessing = 0;
		};
		039566742463315200C0F498 /* Resources */ = {
			isa = PBXResourcesBuildPhase;
			buildActionMask = 2147483647;
			files = (
			);
			runOnlyForDeploymentPostprocessing = 0;
		};
		0395667F2463315200C0F498 /* Resources */ = {
			isa = PBXResourcesBuildPhase;
			buildActionMask = 2147483647;
			files = (
			);
			runOnlyForDeploymentPostprocessing = 0;
		};
/* End PBXResourcesBuildPhase section */

/* Begin PBXSourcesBuildPhase section */
		039566592463315100C0F498 /* Sources */ = {
			isa = PBXSourcesBuildPhase;
			buildActionMask = 2147483647;
			files = (
				03F3FE842466FC55003B420E /* Pomodoro+Extensions.swift in Sources */,
				0306CABE2471493D00E45DFA /* TabContentDataSource.swift in Sources */,
				0350164F2465C7AE006726BC /* String+Extensions.swift in Sources */,
				035016552465CF6F006726BC /* PomodoroCell.swift in Sources */,
				03680B942465AE1900904DE1 /* Entity+Extensions.swift in Sources */,
				0306CAA82471306000E45DFA /* Spacer.swift in Sources */,
				035016572465CF75006726BC /* NotesCell.swift in Sources */,
				0306CAA424712A7900E45DFA /* UILabel+Extensions.swift in Sources */,
				0306CAC22471496A00E45DFA /* CellClassIdentifier.swift in Sources */,
				03680B962465AE7500904DE1 /* Database.swift in Sources */,
				0306CAB42471432800E45DFA /* NotesCell+UITextViewDelegate.swift in Sources */,
				0333AC462478E502009A85A8 /* Date+Extensions.swift in Sources */,
				035016512465CF60006726BC /* MealsCell.swift in Sources */,
				0395666B2463315100C0F498 /* DailyPlanner.xcdatamodeld in Sources */,
				0350164B2465BFD8006726BC /* ScheduleCell.swift in Sources */,
				0306CABA2471442500E45DFA /* KeyboardNotification.swift in Sources */,
				03F3FE822466FC18003B420E /* Note+Extensions.swift in Sources */,
				035016372465AF47006726BC /* Day+Extensions.swift in Sources */,
				03F3FE6E2466E6A4003B420E /* TextView.swift in Sources */,
				0306CAAC24713AC200E45DFA /* ExtrasDataSource.swift in Sources */,
				0306CAC624714CC900E45DFA /* TodoDataSource.swift in Sources */,
				0306CABC2471459A00E45DFA /* KeyboardNotification+CustomStringConvertible.swift in Sources */,
				0350163D2465B090006726BC /* DayProvider.swift in Sources */,
				035016472465B7BC006726BC /* UIView+Extensions.swift in Sources */,
				03956697246332BF00C0F498 /* Coder.swift in Sources */,
				0306CAA624712F7600E45DFA /* TabContentHeader.swift in Sources */,
				03EC4DE224705F14007BB838 /* TabContentController.swift in Sources */,
				039566952463327B00C0F498 /* MainTabBarController.swift in Sources */,
				0330F9302463413200E07824 /* TodoController.swift in Sources */,
				0306CAB82471440A00E45DFA /* NotifySelector.swift in Sources */,
				03F3FE7E2466F37B003B420E /* CellTextViewDelegate.swift in Sources */,
				0307D05824715234009671C8 /* ScheduleDelegate.swift in Sources */,
				0330F9342463414A00E07824 /* ExtrasController.swift in Sources */,
				0330F9322463414000E07824 /* ScheduleController.swift in Sources */,
				035016452465B5C2006726BC /* TaskCell.swift in Sources */,
				0307D056247151F4009671C8 /* TodoDelegate.swift in Sources */,
				03F3FE722466E922003B420E /* TextStyle.swift in Sources */,
				0306CAB62471434600E45DFA /* MealsCell+UITextViewDelegate.swift in Sources */,
				03F3FE7A2466EE7F003B420E /* TodoController+CellTextViewDelegate.swift in Sources */,
				03F3FE882466FD32003B420E /* Schedule+Extensions.swift in Sources */,
				03F3FE702466E753003B420E /* Color.swift in Sources */,
				039566612463315100C0F498 /* AppDelegate.swift in Sources */,
				0306CAC02471495200E45DFA /* TabContentDelegate.swift in Sources */,
				03F3FE7C2466EF12003B420E /* UIImage+Extensions.swift in Sources */,
				035016492465B974006726BC /* TextField.swift in Sources */,
				035016392465AFAE006726BC /* Task+Extensions.swift in Sources */,
				035016532465CF67006726BC /* WaterCell.swift in Sources */,
				0307D05A2471523D009671C8 /* ScheduleDataSource.swift in Sources */,
				03F3FE802466FBD3003B420E /* Meal+Extensions.swift in Sources */,
				0306CAAE24713AD900E45DFA /* ExtrasDelegate.swift in Sources */,
				039566632463315100C0F498 /* SceneDelegate.swift in Sources */,
				0350164D2465C2CB006726BC /* TableView.swift in Sources */,
				03F3FE862466FCCA003B420E /* Water+Extensions.swift in Sources */,
				0306CAC424714A7100E45DFA /* ScheduleController+CellTextViewDelegate.swift in Sources */,
			);
			runOnlyForDeploymentPostprocessing = 0;
		};
		039566722463315200C0F498 /* Sources */ = {
			isa = PBXSourcesBuildPhase;
			buildActionMask = 2147483647;
			files = (
				0395667B2463315200C0F498 /* DailyPlannerTests.swift in Sources */,
			);
			runOnlyForDeploymentPostprocessing = 0;
		};
		0395667D2463315200C0F498 /* Sources */ = {
			isa = PBXSourcesBuildPhase;
			buildActionMask = 2147483647;
			files = (
				039566862463315200C0F498 /* DailyPlannerUITests.swift in Sources */,
			);
			runOnlyForDeploymentPostprocessing = 0;
		};
/* End PBXSourcesBuildPhase section */

/* Begin PBXTargetDependency section */
		039566782463315200C0F498 /* PBXTargetDependency */ = {
			isa = PBXTargetDependency;
			target = 0395665C2463315100C0F498 /* DailyPlanner */;
			targetProxy = 039566772463315200C0F498 /* PBXContainerItemProxy */;
		};
		039566832463315200C0F498 /* PBXTargetDependency */ = {
			isa = PBXTargetDependency;
			target = 0395665C2463315100C0F498 /* DailyPlanner */;
			targetProxy = 039566822463315200C0F498 /* PBXContainerItemProxy */;
		};
/* End PBXTargetDependency section */

/* Begin PBXVariantGroup section */
		0395666E2463315100C0F498 /* LaunchScreen.storyboard */ = {
			isa = PBXVariantGroup;
			children = (
				0395666F2463315100C0F498 /* Base */,
			);
			name = LaunchScreen.storyboard;
			sourceTree = "<group>";
		};
/* End PBXVariantGroup section */

/* Begin XCBuildConfiguration section */
		039566882463315200C0F498 /* Debug */ = {
			isa = XCBuildConfiguration;
			buildSettings = {
				ALWAYS_SEARCH_USER_PATHS = NO;
				CLANG_ANALYZER_NONNULL = YES;
				CLANG_ANALYZER_NUMBER_OBJECT_CONVERSION = YES_AGGRESSIVE;
				CLANG_CXX_LANGUAGE_STANDARD = "gnu++14";
				CLANG_CXX_LIBRARY = "libc++";
				CLANG_ENABLE_MODULES = YES;
				CLANG_ENABLE_OBJC_ARC = YES;
				CLANG_ENABLE_OBJC_WEAK = YES;
				CLANG_WARN_BLOCK_CAPTURE_AUTORELEASING = YES;
				CLANG_WARN_BOOL_CONVERSION = YES;
				CLANG_WARN_COMMA = YES;
				CLANG_WARN_CONSTANT_CONVERSION = YES;
				CLANG_WARN_DEPRECATED_OBJC_IMPLEMENTATIONS = YES;
				CLANG_WARN_DIRECT_OBJC_ISA_USAGE = YES_ERROR;
				CLANG_WARN_DOCUMENTATION_COMMENTS = YES;
				CLANG_WARN_EMPTY_BODY = YES;
				CLANG_WARN_ENUM_CONVERSION = YES;
				CLANG_WARN_INFINITE_RECURSION = YES;
				CLANG_WARN_INT_CONVERSION = YES;
				CLANG_WARN_NON_LITERAL_NULL_CONVERSION = YES;
				CLANG_WARN_OBJC_IMPLICIT_RETAIN_SELF = YES;
				CLANG_WARN_OBJC_LITERAL_CONVERSION = YES;
				CLANG_WARN_OBJC_ROOT_CLASS = YES_ERROR;
				CLANG_WARN_RANGE_LOOP_ANALYSIS = YES;
				CLANG_WARN_STRICT_PROTOTYPES = YES;
				CLANG_WARN_SUSPICIOUS_MOVE = YES;
				CLANG_WARN_UNGUARDED_AVAILABILITY = YES_AGGRESSIVE;
				CLANG_WARN_UNREACHABLE_CODE = YES;
				CLANG_WARN__DUPLICATE_METHOD_MATCH = YES;
				COPY_PHASE_STRIP = NO;
				DEBUG_INFORMATION_FORMAT = dwarf;
				ENABLE_STRICT_OBJC_MSGSEND = YES;
				ENABLE_TESTABILITY = YES;
				GCC_C_LANGUAGE_STANDARD = gnu11;
				GCC_DYNAMIC_NO_PIC = NO;
				GCC_NO_COMMON_BLOCKS = YES;
				GCC_OPTIMIZATION_LEVEL = 0;
				GCC_PREPROCESSOR_DEFINITIONS = (
					"DEBUG=1",
					"$(inherited)",
				);
				GCC_WARN_64_TO_32_BIT_CONVERSION = YES;
				GCC_WARN_ABOUT_RETURN_TYPE = YES_ERROR;
				GCC_WARN_UNDECLARED_SELECTOR = YES;
				GCC_WARN_UNINITIALIZED_AUTOS = YES_AGGRESSIVE;
				GCC_WARN_UNUSED_FUNCTION = YES;
				GCC_WARN_UNUSED_VARIABLE = YES;
				IPHONEOS_DEPLOYMENT_TARGET = 13.4;
				MTL_ENABLE_DEBUG_INFO = INCLUDE_SOURCE;
				MTL_FAST_MATH = YES;
				ONLY_ACTIVE_ARCH = YES;
				SDKROOT = iphoneos;
				SWIFT_ACTIVE_COMPILATION_CONDITIONS = DEBUG;
				SWIFT_OPTIMIZATION_LEVEL = "-Onone";
			};
			name = Debug;
		};
		039566892463315200C0F498 /* Release */ = {
			isa = XCBuildConfiguration;
			buildSettings = {
				ALWAYS_SEARCH_USER_PATHS = NO;
				CLANG_ANALYZER_NONNULL = YES;
				CLANG_ANALYZER_NUMBER_OBJECT_CONVERSION = YES_AGGRESSIVE;
				CLANG_CXX_LANGUAGE_STANDARD = "gnu++14";
				CLANG_CXX_LIBRARY = "libc++";
				CLANG_ENABLE_MODULES = YES;
				CLANG_ENABLE_OBJC_ARC = YES;
				CLANG_ENABLE_OBJC_WEAK = YES;
				CLANG_WARN_BLOCK_CAPTURE_AUTORELEASING = YES;
				CLANG_WARN_BOOL_CONVERSION = YES;
				CLANG_WARN_COMMA = YES;
				CLANG_WARN_CONSTANT_CONVERSION = YES;
				CLANG_WARN_DEPRECATED_OBJC_IMPLEMENTATIONS = YES;
				CLANG_WARN_DIRECT_OBJC_ISA_USAGE = YES_ERROR;
				CLANG_WARN_DOCUMENTATION_COMMENTS = YES;
				CLANG_WARN_EMPTY_BODY = YES;
				CLANG_WARN_ENUM_CONVERSION = YES;
				CLANG_WARN_INFINITE_RECURSION = YES;
				CLANG_WARN_INT_CONVERSION = YES;
				CLANG_WARN_NON_LITERAL_NULL_CONVERSION = YES;
				CLANG_WARN_OBJC_IMPLICIT_RETAIN_SELF = YES;
				CLANG_WARN_OBJC_LITERAL_CONVERSION = YES;
				CLANG_WARN_OBJC_ROOT_CLASS = YES_ERROR;
				CLANG_WARN_RANGE_LOOP_ANALYSIS = YES;
				CLANG_WARN_STRICT_PROTOTYPES = YES;
				CLANG_WARN_SUSPICIOUS_MOVE = YES;
				CLANG_WARN_UNGUARDED_AVAILABILITY = YES_AGGRESSIVE;
				CLANG_WARN_UNREACHABLE_CODE = YES;
				CLANG_WARN__DUPLICATE_METHOD_MATCH = YES;
				COPY_PHASE_STRIP = NO;
				DEBUG_INFORMATION_FORMAT = "dwarf-with-dsym";
				ENABLE_NS_ASSERTIONS = NO;
				ENABLE_STRICT_OBJC_MSGSEND = YES;
				GCC_C_LANGUAGE_STANDARD = gnu11;
				GCC_NO_COMMON_BLOCKS = YES;
				GCC_WARN_64_TO_32_BIT_CONVERSION = YES;
				GCC_WARN_ABOUT_RETURN_TYPE = YES_ERROR;
				GCC_WARN_UNDECLARED_SELECTOR = YES;
				GCC_WARN_UNINITIALIZED_AUTOS = YES_AGGRESSIVE;
				GCC_WARN_UNUSED_FUNCTION = YES;
				GCC_WARN_UNUSED_VARIABLE = YES;
				IPHONEOS_DEPLOYMENT_TARGET = 13.4;
				MTL_ENABLE_DEBUG_INFO = NO;
				MTL_FAST_MATH = YES;
				SDKROOT = iphoneos;
				SWIFT_COMPILATION_MODE = wholemodule;
				SWIFT_OPTIMIZATION_LEVEL = "-O";
				VALIDATE_PRODUCT = YES;
			};
			name = Release;
		};
		0395668B2463315200C0F498 /* Debug */ = {
			isa = XCBuildConfiguration;
			buildSettings = {
				ASSETCATALOG_COMPILER_APPICON_NAME = AppIcon;
				CODE_SIGN_STYLE = Automatic;
				DEVELOPMENT_TEAM = 685257RUQP;
				INFOPLIST_FILE = DailyPlanner/App/Info.plist;
				LD_RUNPATH_SEARCH_PATHS = (
					"$(inherited)",
					"@executable_path/Frameworks",
				);
				PRODUCT_BUNDLE_IDENTIFIER = joshgrant.me.DailyPlanner;
				PRODUCT_NAME = "$(TARGET_NAME)";
				SWIFT_VERSION = 5.0;
				TARGETED_DEVICE_FAMILY = "1,2";
			};
			name = Debug;
		};
		0395668C2463315200C0F498 /* Release */ = {
			isa = XCBuildConfiguration;
			buildSettings = {
				ASSETCATALOG_COMPILER_APPICON_NAME = AppIcon;
				CODE_SIGN_STYLE = Automatic;
				DEVELOPMENT_TEAM = 685257RUQP;
				INFOPLIST_FILE = DailyPlanner/App/Info.plist;
				LD_RUNPATH_SEARCH_PATHS = (
					"$(inherited)",
					"@executable_path/Frameworks",
				);
				PRODUCT_BUNDLE_IDENTIFIER = joshgrant.me.DailyPlanner;
				PRODUCT_NAME = "$(TARGET_NAME)";
				SWIFT_VERSION = 5.0;
				TARGETED_DEVICE_FAMILY = "1,2";
			};
			name = Release;
		};
		0395668E2463315200C0F498 /* Debug */ = {
			isa = XCBuildConfiguration;
			buildSettings = {
				ALWAYS_EMBED_SWIFT_STANDARD_LIBRARIES = YES;
				BUNDLE_LOADER = "$(TEST_HOST)";
				CODE_SIGN_STYLE = Automatic;
				DEVELOPMENT_TEAM = 685257RUQP;
				INFOPLIST_FILE = DailyPlannerTests/Info.plist;
				IPHONEOS_DEPLOYMENT_TARGET = 13.4;
				LD_RUNPATH_SEARCH_PATHS = (
					"$(inherited)",
					"@executable_path/Frameworks",
					"@loader_path/Frameworks",
				);
				PRODUCT_BUNDLE_IDENTIFIER = joshgrant.me.DailyPlannerTests;
				PRODUCT_NAME = "$(TARGET_NAME)";
				SWIFT_VERSION = 5.0;
				TARGETED_DEVICE_FAMILY = "1,2";
				TEST_HOST = "$(BUILT_PRODUCTS_DIR)/DailyPlanner.app/DailyPlanner";
			};
			name = Debug;
		};
		0395668F2463315200C0F498 /* Release */ = {
			isa = XCBuildConfiguration;
			buildSettings = {
				ALWAYS_EMBED_SWIFT_STANDARD_LIBRARIES = YES;
				BUNDLE_LOADER = "$(TEST_HOST)";
				CODE_SIGN_STYLE = Automatic;
				DEVELOPMENT_TEAM = 685257RUQP;
				INFOPLIST_FILE = DailyPlannerTests/Info.plist;
				IPHONEOS_DEPLOYMENT_TARGET = 13.4;
				LD_RUNPATH_SEARCH_PATHS = (
					"$(inherited)",
					"@executable_path/Frameworks",
					"@loader_path/Frameworks",
				);
				PRODUCT_BUNDLE_IDENTIFIER = joshgrant.me.DailyPlannerTests;
				PRODUCT_NAME = "$(TARGET_NAME)";
				SWIFT_VERSION = 5.0;
				TARGETED_DEVICE_FAMILY = "1,2";
				TEST_HOST = "$(BUILT_PRODUCTS_DIR)/DailyPlanner.app/DailyPlanner";
			};
			name = Release;
		};
		039566912463315200C0F498 /* Debug */ = {
			isa = XCBuildConfiguration;
			buildSettings = {
				ALWAYS_EMBED_SWIFT_STANDARD_LIBRARIES = YES;
				CODE_SIGN_STYLE = Automatic;
				DEVELOPMENT_TEAM = 685257RUQP;
				INFOPLIST_FILE = DailyPlannerUITests/Info.plist;
				LD_RUNPATH_SEARCH_PATHS = (
					"$(inherited)",
					"@executable_path/Frameworks",
					"@loader_path/Frameworks",
				);
				PRODUCT_BUNDLE_IDENTIFIER = joshgrant.me.DailyPlannerUITests;
				PRODUCT_NAME = "$(TARGET_NAME)";
				SWIFT_VERSION = 5.0;
				TARGETED_DEVICE_FAMILY = "1,2";
				TEST_TARGET_NAME = DailyPlanner;
			};
			name = Debug;
		};
		039566922463315200C0F498 /* Release */ = {
			isa = XCBuildConfiguration;
			buildSettings = {
				ALWAYS_EMBED_SWIFT_STANDARD_LIBRARIES = YES;
				CODE_SIGN_STYLE = Automatic;
				DEVELOPMENT_TEAM = 685257RUQP;
				INFOPLIST_FILE = DailyPlannerUITests/Info.plist;
				LD_RUNPATH_SEARCH_PATHS = (
					"$(inherited)",
					"@executable_path/Frameworks",
					"@loader_path/Frameworks",
				);
				PRODUCT_BUNDLE_IDENTIFIER = joshgrant.me.DailyPlannerUITests;
				PRODUCT_NAME = "$(TARGET_NAME)";
				SWIFT_VERSION = 5.0;
				TARGETED_DEVICE_FAMILY = "1,2";
				TEST_TARGET_NAME = DailyPlanner;
			};
			name = Release;
		};
/* End XCBuildConfiguration section */

/* Begin XCConfigurationList section */
		039566582463315100C0F498 /* Build configuration list for PBXProject "DailyPlanner" */ = {
			isa = XCConfigurationList;
			buildConfigurations = (
				039566882463315200C0F498 /* Debug */,
				039566892463315200C0F498 /* Release */,
			);
			defaultConfigurationIsVisible = 0;
			defaultConfigurationName = Release;
		};
		0395668A2463315200C0F498 /* Build configuration list for PBXNativeTarget "DailyPlanner" */ = {
			isa = XCConfigurationList;
			buildConfigurations = (
				0395668B2463315200C0F498 /* Debug */,
				0395668C2463315200C0F498 /* Release */,
			);
			defaultConfigurationIsVisible = 0;
			defaultConfigurationName = Release;
		};
		0395668D2463315200C0F498 /* Build configuration list for PBXNativeTarget "DailyPlannerTests" */ = {
			isa = XCConfigurationList;
			buildConfigurations = (
				0395668E2463315200C0F498 /* Debug */,
				0395668F2463315200C0F498 /* Release */,
			);
			defaultConfigurationIsVisible = 0;
			defaultConfigurationName = Release;
		};
		039566902463315200C0F498 /* Build configuration list for PBXNativeTarget "DailyPlannerUITests" */ = {
			isa = XCConfigurationList;
			buildConfigurations = (
				039566912463315200C0F498 /* Debug */,
				039566922463315200C0F498 /* Release */,
			);
			defaultConfigurationIsVisible = 0;
			defaultConfigurationName = Release;
		};
/* End XCConfigurationList section */

/* Begin XCVersionGroup section */
		039566692463315100C0F498 /* DailyPlanner.xcdatamodeld */ = {
			isa = XCVersionGroup;
			children = (
				0395666A2463315100C0F498 /* DailyPlanner.xcdatamodel */,
			);
			currentVersion = 0395666A2463315100C0F498 /* DailyPlanner.xcdatamodel */;
			path = DailyPlanner.xcdatamodeld;
			sourceTree = "<group>";
			versionGroupType = wrapper.xcdatamodel;
		};
/* End XCVersionGroup section */
	};
	rootObject = 039566552463315100C0F498 /* Project object */;
}
